
Microsoft Visual Studio Solution File, Format Version 12.00
# Visual Studio Version 16
VisualStudioVersion = 16.0.29306.81
MinimumVisualStudioVersion = 10.0.40219.1
Project("{FAE04EC0-301F-11D3-BF4B-00C04F79EFBC}") = "HotelSystem", "HotelSystem\HotelSystem.csproj", "{43BE5A35-A659-4D79-B7F1-468ABB2881BA}"
EndProject
Project("{FAE04EC0-301F-11D3-BF4B-00C04F79EFBC}") = "HotelTest", "HotelTest\HotelTest.csproj", "{EE119B09-30BC-48F4-A668-6DC1247E250D}"
EndProject
Global
	GlobalSection(SolutionConfigurationPlatforms) = preSolution
		Debug|Any CPU = Debug|Any CPU
		Release|Any CPU = Release|Any CPU
	EndGlobalSection
	GlobalSection(ProjectConfigurationPlatforms) = postSolution
		{43BE5A35-A659-4D79-B7F1-468ABB2881BA}.Debug|Any CPU.ActiveCfg = Debug|Any CPU
		{43BE5A35-A659-4D79-B7F1-468ABB2881BA}.Debug|Any CPU.Build.0 = Debug|Any CPU
		{43BE5A35-A659-4D79-B7F1-468ABB2881BA}.Release|Any CPU.ActiveCfg = Release|Any CPU
		{43BE5A35-A659-4D79-B7F1-468ABB2881BA}.Release|Any CPU.Build.0 = Release|Any CPU
		{EE119B09-30BC-48F4-A668-6DC1247E250D}.Debug|Any CPU.ActiveCfg = Debug|Any CPU
		{EE119B09-30BC-48F4-A668-6DC1247E250D}.Debug|Any CPU.Build.0 = Debug|Any CPU
		{EE119B09-30BC-48F4-A668-6DC1247E250D}.Release|Any CPU.ActiveCfg = Release|Any CPU
		{EE119B09-30BC-48F4-A668-6DC1247E250D}.Release|Any CPU.Build.0 = Release|Any CPU
	EndGlobalSection
	GlobalSection(SolutionProperties) = preSolution
		HideSolutionNode = FALSE
	EndGlobalSection
	GlobalSection(ExtensibilityGlobals) = postSolution
		SolutionGuid = {F7712DE7-C906-4036-B7BA-FB3E6BFE2ACA}
	EndGlobalSection
EndGlobal
